
Microsoft Visual Studio Solution File, Format Version 12.00
# Visual Studio Version 17
VisualStudioVersion = 17.4.33213.308
MinimumVisualStudioVersion = 10.0.40219.1
Project("{FAE04EC0-301F-11D3-BF4B-00C04F79EFBC}") = "Lession4", "Lession4.csproj", "{7A63F868-FDC2-424B-99A2-B9586107EAB3}"
EndProject
Global
	GlobalSection(SolutionConfigurationPlatforms) = preSolution
		Debug|Any CPU = Debug|Any CPU
		Release|Any CPU = Release|Any CPU
	EndGlobalSection
	GlobalSection(ProjectConfigurationPlatforms) = postSolution
		{7A63F868-FDC2-424B-99A2-B9586107EAB3}.Debug|Any CPU.ActiveCfg = Debug|Any CPU
		{7A63F868-FDC2-424B-99A2-B9586107EAB3}.Debug|Any CPU.Build.0 = Debug|Any CPU
		{7A63F868-FDC2-424B-99A2-B9586107EAB3}.Release|Any CPU.ActiveCfg = Release|Any CPU
		{7A63F868-FDC2-424B-99A2-B9586107EAB3}.Release|Any CPU.Build.0 = Release|Any CPU
	EndGlobalSection
	GlobalSection(SolutionProperties) = preSolution
		HideSolutionNode = FALSE
	EndGlobalSection
	GlobalSection(ExtensibilityGlobals) = postSolution
		SolutionGuid = {4D3320FA-6E37-4E1C-BE1B-BBA6AAC15680}
	EndGlobalSection
EndGlobal
